
Microsoft Visual Studio Solution File, Format Version 12.00
# Visual Studio 2013
Project("{FAE04EC0-301F-11D3-BF4B-00C04F79EFBC}") = "NewGlory.CSharp.Plugins", "NewGlory.CSharp.Plugins.csproj", "{E003163A-3D1B-772B-A41F-90CA2A5B7CB7}"
EndProject
Project("{FAE04EC0-301F-11D3-BF4B-00C04F79EFBC}") = "NewGlory.CSharp", "NewGlory.CSharp.csproj", "{4B06D79F-F62E-5023-83E0-C8202840F867}"
EndProject
Project("{FAE04EC0-301F-11D3-BF4B-00C04F79EFBC}") = "NewGlory.CSharp.Editor.Plugins", "NewGlory.CSharp.Editor.Plugins.csproj", "{C664E0AA-CC36-0580-743A-0938DB90850C}"
EndProject
Global
	GlobalSection(SolutionConfigurationPlatforms) = preSolution
		Debug|Any CPU = Debug|Any CPU
		Release|Any CPU = Release|Any CPU
	EndGlobalSection
	GlobalSection(ProjectConfigurationPlatforms) = postSolution
		{E003163A-3D1B-772B-A41F-90CA2A5B7CB7}.Debug|Any CPU.ActiveCfg = Debug|Any CPU
		{E003163A-3D1B-772B-A41F-90CA2A5B7CB7}.Debug|Any CPU.Build.0 = Debug|Any CPU
		{E003163A-3D1B-772B-A41F-90CA2A5B7CB7}.Release|Any CPU.ActiveCfg = Release|Any CPU
		{E003163A-3D1B-772B-A41F-90CA2A5B7CB7}.Release|Any CPU.Build.0 = Release|Any CPU
		{4B06D79F-F62E-5023-83E0-C8202840F867}.Debug|Any CPU.ActiveCfg = Debug|Any CPU
		{4B06D79F-F62E-5023-83E0-C8202840F867}.Debug|Any CPU.Build.0 = Debug|Any CPU
		{4B06D79F-F62E-5023-83E0-C8202840F867}.Release|Any CPU.ActiveCfg = Release|Any CPU
		{4B06D79F-F62E-5023-83E0-C8202840F867}.Release|Any CPU.Build.0 = Release|Any CPU
		{C664E0AA-CC36-0580-743A-0938DB90850C}.Debug|Any CPU.ActiveCfg = Debug|Any CPU
		{C664E0AA-CC36-0580-743A-0938DB90850C}.Debug|Any CPU.Build.0 = Debug|Any CPU
		{C664E0AA-CC36-0580-743A-0938DB90850C}.Release|Any CPU.ActiveCfg = Release|Any CPU
		{C664E0AA-CC36-0580-743A-0938DB90850C}.Release|Any CPU.Build.0 = Release|Any CPU
	EndGlobalSection
	GlobalSection(SolutionProperties) = preSolution
		HideSolutionNode = FALSE
	EndGlobalSection
EndGlobal
